
Microsoft Visual Studio Solution File, Format Version 12.00
# Visual Studio Version 17
VisualStudioVersion = 17.4.33205.214
MinimumVisualStudioVersion = 10.0.40219.1
Project("{2150E333-8FDC-42A3-9474-1A3956D46DE8}") = "UI", "UI", "{D4ACB2FD-74A4-4487-9559-D0AE82DBF88A}"
EndProject
Project("{2150E333-8FDC-42A3-9474-1A3956D46DE8}") = "APIGateway", "APIGateway", "{7DFF34CA-932C-4E75-83A5-0CA6AF160E9C}"
EndProject
Project("{2150E333-8FDC-42A3-9474-1A3956D46DE8}") = "Microservices", "Microservices", "{A0E6344F-E0E7-45AE-AEB0-7DD28994076B}"
EndProject
Project("{2150E333-8FDC-42A3-9474-1A3956D46DE8}") = "APIGateway.Web", "APIGateway.Web", "{81CBB72E-F727-4067-B883-34B1A29CD21D}"
EndProject
Project("{2150E333-8FDC-42A3-9474-1A3956D46DE8}") = "APIGateway.WebMobile", "APIGateway.WebMobile", "{3BCD621F-D968-41CB-A2D7-0F8DE47C4AD8}"
EndProject
Project("{2150E333-8FDC-42A3-9474-1A3956D46DE8}") = "APIGateway.Web", "APIGateway.Web", "{B723F5C1-D0AC-4544-823B-33816532292C}"
EndProject
Project("{2150E333-8FDC-42A3-9474-1A3956D46DE8}") = "APIGateway.Web.Client", "APIGateway.Web.Client", "{7F60C16A-721A-4B2F-9F26-7F81391894BB}"
EndProject
Project("{2150E333-8FDC-42A3-9474-1A3956D46DE8}") = "APIGateway.WebMobile", "APIGateway.WebMobile", "{6E4D5DF7-86C6-458A-AD68-110282E5B837}"
EndProject
Project("{2150E333-8FDC-42A3-9474-1A3956D46DE8}") = "APIGateway.Web.Test", "APIGateway.Web.Test", "{A8441D33-2559-48A1-955B-7A9DEF4898FE}"
EndProject
Project("{2150E333-8FDC-42A3-9474-1A3956D46DE8}") = "Auth", "Auth", "{849F5969-6C3B-4777-A4B0-37B104EB6A14}"
EndProject
Project("{E53339B2-1760-4266-BCC7-CA923CBCF16C}") = "docker-compose", "docker-compose.dcproj", "{60375BFF-76E8-475F-8E48-850490C2D38C}"
EndProject
Project("{2150E333-8FDC-42A3-9474-1A3956D46DE8}") = "APIGateway.WebMobile.Client", "APIGateway.WebMobile.Client", "{098F2392-E1A0-4A88-9D5F-844488559B5F}"
EndProject
Project("{2150E333-8FDC-42A3-9474-1A3956D46DE8}") = "Admin.WebUI", "Admin.WebUI", "{1A09CFD3-E2C1-4237-ABF1-3CA5F6B661B5}"
EndProject
Project("{2150E333-8FDC-42A3-9474-1A3956D46DE8}") = "WebMobileUI", "WebMobileUI", "{221612ED-05D0-45F7-83C5-B7EF133BEB4F}"
EndProject
Project("{2150E333-8FDC-42A3-9474-1A3956D46DE8}") = "Common", "Common", "{F142C520-A9A0-4651-BB81-247D4B755F60}"
EndProject
Project("{2150E333-8FDC-42A3-9474-1A3956D46DE8}") = "GenericApi", "GenericApi", "{F6578654-818F-4BB7-9E82-66507EE30EF7}"
EndProject
Project("{9A19103F-16F7-4668-BE54-9A1E7A4F7556}") = "GenericApi", "Common\GenericApi\GenericApi.csproj", "{AD12D772-0288-4C14-90D6-B46F6F4E3E7A}"
EndProject
Project("{2150E333-8FDC-42A3-9474-1A3956D46DE8}") = "CommonEntities", "CommonEntities", "{D252F02D-702B-4468-B774-D83282CB4C16}"
EndProject
Project("{2150E333-8FDC-42A3-9474-1A3956D46DE8}") = "BaseController", "BaseController", "{715E4F52-29C0-44CD-BDDD-D97729025E8E}"
EndProject
Project("{2150E333-8FDC-42A3-9474-1A3956D46DE8}") = "BaseService", "BaseService", "{65A67948-1176-4523-94EF-59508105C4F3}"
EndProject
Project("{2150E333-8FDC-42A3-9474-1A3956D46DE8}") = "Cache", "Cache", "{24CCE072-744C-4D0F-95C3-18F5A06E3228}"
EndProject
Project("{2150E333-8FDC-42A3-9474-1A3956D46DE8}") = "CommonUtil", "CommonUtil", "{A2CF8A2E-4E6B-432E-B038-F7B6D3E5F27A}"
EndProject
Project("{2150E333-8FDC-42A3-9474-1A3956D46DE8}") = "QuestionAnswer", "QuestionAnswer", "{6465034E-973D-477B-ACAD-1EFE1180384A}"
EndProject
Project("{2150E333-8FDC-42A3-9474-1A3956D46DE8}") = "BaseClient", "BaseClient", "{4D5CB92A-AFD8-4C6F-8621-44F0F70E367A}"
EndProject
Project("{9A19103F-16F7-4668-BE54-9A1E7A4F7556}") = "Auth.API", "Services\Auth.API\Auth.API.csproj", "{3B250175-8F02-4F61-8125-9168A535C2D0}"
EndProject
Project("{9A19103F-16F7-4668-BE54-9A1E7A4F7556}") = "QuestionAnswer.API", "Services\QuestionAnswer.API\QuestionAnswer.API.csproj", "{9C488579-47DA-45EE-9123-3440C3E18D73}"
EndProject
Project("{9A19103F-16F7-4668-BE54-9A1E7A4F7556}") = "BaseClient", "Common\BaseClient\BaseClient.csproj", "{E897426B-271F-4D17-8EAB-952D9BCEE380}"
EndProject
Project("{9A19103F-16F7-4668-BE54-9A1E7A4F7556}") = "BaseController", "Common\BaseControllers\BaseController.csproj", "{287E78AD-5273-49A6-B67A-9FC21C0AED13}"
EndProject
Project("{9A19103F-16F7-4668-BE54-9A1E7A4F7556}") = "BaseService", "Common\BaseService\BaseService.csproj", "{CEED9356-071E-4AC7-8554-162E0683824C}"
EndProject
Project("{9A19103F-16F7-4668-BE54-9A1E7A4F7556}") = "APIGateway.Web", "APIGateway\APIGateway.Web\APIGateway.Web.csproj", "{08BE8035-C195-4E74-876E-E5276DF9CCB2}"
EndProject
Project("{9A19103F-16F7-4668-BE54-9A1E7A4F7556}") = "APIGateway.Web.Client", "APIGateway\APIGateway.Web.Client\APIGateway.Web.Client.csproj", "{D83103A8-A6B1-47E5-97C2-1F8B712E8912}"
EndProject
Project("{9A19103F-16F7-4668-BE54-9A1E7A4F7556}") = "APIGateway.Web.Test", "APIGateway\APIGateway.Web.Test\APIGateway.Web.Test.csproj", "{31CB1244-FE12-435D-B037-98CFC0596351}"
EndProject
Project("{9A19103F-16F7-4668-BE54-9A1E7A4F7556}") = "APIGateway.WebMobile", "APIGateway\APIGateway.WebMobile\APIGateway.WebMobile.csproj", "{CDF2F1B6-4F78-4F29-9C78-887BF50A04CE}"
EndProject
Project("{9A19103F-16F7-4668-BE54-9A1E7A4F7556}") = "APIGateway.WebMobile.Client", "APIGateway\APIGateway.WebMobile.Client\APIGateway.WebMobile.Client.csproj", "{1586A2A1-B42E-4FE9-AA34-7847B76191BD}"
EndProject
Project("{9A19103F-16F7-4668-BE54-9A1E7A4F7556}") = "InMemoryCache", "Common\InMemoryCache\InMemoryCache.csproj", "{E99EBAA5-E3C8-47CE-A052-54BA384D1EA2}"
EndProject
Project("{9A19103F-16F7-4668-BE54-9A1E7A4F7556}") = "CommonEntities", "Common\CommonEntities\CommonEntities.csproj", "{C19376F2-0C82-4D3A-AE73-B3B3AEA854A3}"
EndProject
Project("{9A19103F-16F7-4668-BE54-9A1E7A4F7556}") = "CommonUtil", "Common\CommonUtil\CommonUtil.csproj", "{95EE3E94-2770-4065-A8EE-98D1AF4BCC8B}"
EndProject
Project("{9A19103F-16F7-4668-BE54-9A1E7A4F7556}") = "Admin.WebUI", "UI\Admin.WebUI\Admin.WebUI.csproj", "{E5328D4A-A997-4B70-A09D-0E04B960D3EA}"
EndProject
Project("{9A19103F-16F7-4668-BE54-9A1E7A4F7556}") = "MyInterviewPreparation", "UI\MyInterviewPreparation\MyInterviewPreparation.csproj", "{0018A53D-25C6-4E03-91DF-3C71B8DFB1B1}"
EndProject
Global
	GlobalSection(SolutionConfigurationPlatforms) = preSolution
		Debug|Any CPU = Debug|Any CPU
		Release|Any CPU = Release|Any CPU
	EndGlobalSection
	GlobalSection(ProjectConfigurationPlatforms) = postSolution
		{60375BFF-76E8-475F-8E48-850490C2D38C}.Debug|Any CPU.ActiveCfg = Debug|Any CPU
		{60375BFF-76E8-475F-8E48-850490C2D38C}.Debug|Any CPU.Build.0 = Debug|Any CPU
		{60375BFF-76E8-475F-8E48-850490C2D38C}.Release|Any CPU.ActiveCfg = Release|Any CPU
		{60375BFF-76E8-475F-8E48-850490C2D38C}.Release|Any CPU.Build.0 = Release|Any CPU
		{AD12D772-0288-4C14-90D6-B46F6F4E3E7A}.Debug|Any CPU.ActiveCfg = Debug|Any CPU
		{AD12D772-0288-4C14-90D6-B46F6F4E3E7A}.Debug|Any CPU.Build.0 = Debug|Any CPU
		{AD12D772-0288-4C14-90D6-B46F6F4E3E7A}.Release|Any CPU.ActiveCfg = Release|Any CPU
		{AD12D772-0288-4C14-90D6-B46F6F4E3E7A}.Release|Any CPU.Build.0 = Release|Any CPU
		{3B250175-8F02-4F61-8125-9168A535C2D0}.Debug|Any CPU.ActiveCfg = Debug|Any CPU
		{3B250175-8F02-4F61-8125-9168A535C2D0}.Debug|Any CPU.Build.0 = Debug|Any CPU
		{3B250175-8F02-4F61-8125-9168A535C2D0}.Release|Any CPU.ActiveCfg = Release|Any CPU
		{3B250175-8F02-4F61-8125-9168A535C2D0}.Release|Any CPU.Build.0 = Release|Any CPU
		{9C488579-47DA-45EE-9123-3440C3E18D73}.Debug|Any CPU.ActiveCfg = Debug|Any CPU
		{9C488579-47DA-45EE-9123-3440C3E18D73}.Debug|Any CPU.Build.0 = Debug|Any CPU
		{9C488579-47DA-45EE-9123-3440C3E18D73}.Release|Any CPU.ActiveCfg = Release|Any CPU
		{9C488579-47DA-45EE-9123-3440C3E18D73}.Release|Any CPU.Build.0 = Release|Any CPU
		{E897426B-271F-4D17-8EAB-952D9BCEE380}.Debug|Any CPU.ActiveCfg = Debug|Any CPU
		{E897426B-271F-4D17-8EAB-952D9BCEE380}.Debug|Any CPU.Build.0 = Debug|Any CPU
		{E897426B-271F-4D17-8EAB-952D9BCEE380}.Release|Any CPU.ActiveCfg = Release|Any CPU
		{E897426B-271F-4D17-8EAB-952D9BCEE380}.Release|Any CPU.Build.0 = Release|Any CPU
		{287E78AD-5273-49A6-B67A-9FC21C0AED13}.Debug|Any CPU.ActiveCfg = Debug|Any CPU
		{287E78AD-5273-49A6-B67A-9FC21C0AED13}.Debug|Any CPU.Build.0 = Debug|Any CPU
		{287E78AD-5273-49A6-B67A-9FC21C0AED13}.Release|Any CPU.ActiveCfg = Release|Any CPU
		{287E78AD-5273-49A6-B67A-9FC21C0AED13}.Release|Any CPU.Build.0 = Release|Any CPU
		{CEED9356-071E-4AC7-8554-162E0683824C}.Debug|Any CPU.ActiveCfg = Debug|Any CPU
		{CEED9356-071E-4AC7-8554-162E0683824C}.Debug|Any CPU.Build.0 = Debug|Any CPU
		{CEED9356-071E-4AC7-8554-162E0683824C}.Release|Any CPU.ActiveCfg = Release|Any CPU
		{CEED9356-071E-4AC7-8554-162E0683824C}.Release|Any CPU.Build.0 = Release|Any CPU
		{08BE8035-C195-4E74-876E-E5276DF9CCB2}.Debug|Any CPU.ActiveCfg = Debug|Any CPU
		{08BE8035-C195-4E74-876E-E5276DF9CCB2}.Debug|Any CPU.Build.0 = Debug|Any CPU
		{08BE8035-C195-4E74-876E-E5276DF9CCB2}.Release|Any CPU.ActiveCfg = Release|Any CPU
		{08BE8035-C195-4E74-876E-E5276DF9CCB2}.Release|Any CPU.Build.0 = Release|Any CPU
		{D83103A8-A6B1-47E5-97C2-1F8B712E8912}.Debug|Any CPU.ActiveCfg = Debug|Any CPU
		{D83103A8-A6B1-47E5-97C2-1F8B712E8912}.Debug|Any CPU.Build.0 = Debug|Any CPU
		{D83103A8-A6B1-47E5-97C2-1F8B712E8912}.Release|Any CPU.ActiveCfg = Release|Any CPU
		{D83103A8-A6B1-47E5-97C2-1F8B712E8912}.Release|Any CPU.Build.0 = Release|Any CPU
		{31CB1244-FE12-435D-B037-98CFC0596351}.Debug|Any CPU.ActiveCfg = Debug|Any CPU
		{31CB1244-FE12-435D-B037-98CFC0596351}.Debug|Any CPU.Build.0 = Debug|Any CPU
		{31CB1244-FE12-435D-B037-98CFC0596351}.Release|Any CPU.ActiveCfg = Release|Any CPU
		{31CB1244-FE12-435D-B037-98CFC0596351}.Release|Any CPU.Build.0 = Release|Any CPU
		{CDF2F1B6-4F78-4F29-9C78-887BF50A04CE}.Debug|Any CPU.ActiveCfg = Debug|Any CPU
		{CDF2F1B6-4F78-4F29-9C78-887BF50A04CE}.Debug|Any CPU.Build.0 = Debug|Any CPU
		{CDF2F1B6-4F78-4F29-9C78-887BF50A04CE}.Release|Any CPU.ActiveCfg = Release|Any CPU
		{CDF2F1B6-4F78-4F29-9C78-887BF50A04CE}.Release|Any CPU.Build.0 = Release|Any CPU
		{1586A2A1-B42E-4FE9-AA34-7847B76191BD}.Debug|Any CPU.ActiveCfg = Debug|Any CPU
		{1586A2A1-B42E-4FE9-AA34-7847B76191BD}.Debug|Any CPU.Build.0 = Debug|Any CPU
		{1586A2A1-B42E-4FE9-AA34-7847B76191BD}.Release|Any CPU.ActiveCfg = Release|Any CPU
		{1586A2A1-B42E-4FE9-AA34-7847B76191BD}.Release|Any CPU.Build.0 = Release|Any CPU
		{E99EBAA5-E3C8-47CE-A052-54BA384D1EA2}.Debug|Any CPU.ActiveCfg = Debug|Any CPU
		{E99EBAA5-E3C8-47CE-A052-54BA384D1EA2}.Debug|Any CPU.Build.0 = Debug|Any CPU
		{E99EBAA5-E3C8-47CE-A052-54BA384D1EA2}.Release|Any CPU.ActiveCfg = Release|Any CPU
		{E99EBAA5-E3C8-47CE-A052-54BA384D1EA2}.Release|Any CPU.Build.0 = Release|Any CPU
		{C19376F2-0C82-4D3A-AE73-B3B3AEA854A3}.Debug|Any CPU.ActiveCfg = Debug|Any CPU
		{C19376F2-0C82-4D3A-AE73-B3B3AEA854A3}.Debug|Any CPU.Build.0 = Debug|Any CPU
		{C19376F2-0C82-4D3A-AE73-B3B3AEA854A3}.Release|Any CPU.ActiveCfg = Release|Any CPU
		{C19376F2-0C82-4D3A-AE73-B3B3AEA854A3}.Release|Any CPU.Build.0 = Release|Any CPU
		{95EE3E94-2770-4065-A8EE-98D1AF4BCC8B}.Debug|Any CPU.ActiveCfg = Debug|Any CPU
		{95EE3E94-2770-4065-A8EE-98D1AF4BCC8B}.Debug|Any CPU.Build.0 = Debug|Any CPU
		{95EE3E94-2770-4065-A8EE-98D1AF4BCC8B}.Release|Any CPU.ActiveCfg = Release|Any CPU
		{95EE3E94-2770-4065-A8EE-98D1AF4BCC8B}.Release|Any CPU.Build.0 = Release|Any CPU
		{E5328D4A-A997-4B70-A09D-0E04B960D3EA}.Debug|Any CPU.ActiveCfg = Debug|Any CPU
		{E5328D4A-A997-4B70-A09D-0E04B960D3EA}.Debug|Any CPU.Build.0 = Debug|Any CPU
		{E5328D4A-A997-4B70-A09D-0E04B960D3EA}.Release|Any CPU.ActiveCfg = Release|Any CPU
		{E5328D4A-A997-4B70-A09D-0E04B960D3EA}.Release|Any CPU.Build.0 = Release|Any CPU
		{0018A53D-25C6-4E03-91DF-3C71B8DFB1B1}.Debug|Any CPU.ActiveCfg = Debug|Any CPU
		{0018A53D-25C6-4E03-91DF-3C71B8DFB1B1}.Debug|Any CPU.Build.0 = Debug|Any CPU
		{0018A53D-25C6-4E03-91DF-3C71B8DFB1B1}.Release|Any CPU.ActiveCfg = Release|Any CPU
		{0018A53D-25C6-4E03-91DF-3C71B8DFB1B1}.Release|Any CPU.Build.0 = Release|Any CPU
	EndGlobalSection
	GlobalSection(SolutionProperties) = preSolution
		HideSolutionNode = FALSE
	EndGlobalSection
	GlobalSection(NestedProjects) = preSolution
		{81CBB72E-F727-4067-B883-34B1A29CD21D} = {7DFF34CA-932C-4E75-83A5-0CA6AF160E9C}
		{3BCD621F-D968-41CB-A2D7-0F8DE47C4AD8} = {7DFF34CA-932C-4E75-83A5-0CA6AF160E9C}
		{B723F5C1-D0AC-4544-823B-33816532292C} = {81CBB72E-F727-4067-B883-34B1A29CD21D}
		{7F60C16A-721A-4B2F-9F26-7F81391894BB} = {81CBB72E-F727-4067-B883-34B1A29CD21D}
		{6E4D5DF7-86C6-458A-AD68-110282E5B837} = {3BCD621F-D968-41CB-A2D7-0F8DE47C4AD8}
		{A8441D33-2559-48A1-955B-7A9DEF4898FE} = {81CBB72E-F727-4067-B883-34B1A29CD21D}
		{849F5969-6C3B-4777-A4B0-37B104EB6A14} = {A0E6344F-E0E7-45AE-AEB0-7DD28994076B}
		{098F2392-E1A0-4A88-9D5F-844488559B5F} = {3BCD621F-D968-41CB-A2D7-0F8DE47C4AD8}
		{1A09CFD3-E2C1-4237-ABF1-3CA5F6B661B5} = {D4ACB2FD-74A4-4487-9559-D0AE82DBF88A}
		{221612ED-05D0-45F7-83C5-B7EF133BEB4F} = {D4ACB2FD-74A4-4487-9559-D0AE82DBF88A}
		{F6578654-818F-4BB7-9E82-66507EE30EF7} = {F142C520-A9A0-4651-BB81-247D4B755F60}
		{AD12D772-0288-4C14-90D6-B46F6F4E3E7A} = {F6578654-818F-4BB7-9E82-66507EE30EF7}
		{D252F02D-702B-4468-B774-D83282CB4C16} = {F142C520-A9A0-4651-BB81-247D4B755F60}
		{715E4F52-29C0-44CD-BDDD-D97729025E8E} = {F142C520-A9A0-4651-BB81-247D4B755F60}
		{65A67948-1176-4523-94EF-59508105C4F3} = {F142C520-A9A0-4651-BB81-247D4B755F60}
		{24CCE072-744C-4D0F-95C3-18F5A06E3228} = {F142C520-A9A0-4651-BB81-247D4B755F60}
		{A2CF8A2E-4E6B-432E-B038-F7B6D3E5F27A} = {F142C520-A9A0-4651-BB81-247D4B755F60}
		{6465034E-973D-477B-ACAD-1EFE1180384A} = {A0E6344F-E0E7-45AE-AEB0-7DD28994076B}
		{4D5CB92A-AFD8-4C6F-8621-44F0F70E367A} = {F142C520-A9A0-4651-BB81-247D4B755F60}
		{3B250175-8F02-4F61-8125-9168A535C2D0} = {849F5969-6C3B-4777-A4B0-37B104EB6A14}
		{9C488579-47DA-45EE-9123-3440C3E18D73} = {6465034E-973D-477B-ACAD-1EFE1180384A}
		{E897426B-271F-4D17-8EAB-952D9BCEE380} = {4D5CB92A-AFD8-4C6F-8621-44F0F70E367A}
		{287E78AD-5273-49A6-B67A-9FC21C0AED13} = {715E4F52-29C0-44CD-BDDD-D97729025E8E}
		{CEED9356-071E-4AC7-8554-162E0683824C} = {65A67948-1176-4523-94EF-59508105C4F3}
		{08BE8035-C195-4E74-876E-E5276DF9CCB2} = {B723F5C1-D0AC-4544-823B-33816532292C}
		{D83103A8-A6B1-47E5-97C2-1F8B712E8912} = {7F60C16A-721A-4B2F-9F26-7F81391894BB}
		{31CB1244-FE12-435D-B037-98CFC0596351} = {A8441D33-2559-48A1-955B-7A9DEF4898FE}
		{CDF2F1B6-4F78-4F29-9C78-887BF50A04CE} = {6E4D5DF7-86C6-458A-AD68-110282E5B837}
		{1586A2A1-B42E-4FE9-AA34-7847B76191BD} = {098F2392-E1A0-4A88-9D5F-844488559B5F}
		{E99EBAA5-E3C8-47CE-A052-54BA384D1EA2} = {24CCE072-744C-4D0F-95C3-18F5A06E3228}
		{C19376F2-0C82-4D3A-AE73-B3B3AEA854A3} = {D252F02D-702B-4468-B774-D83282CB4C16}
		{95EE3E94-2770-4065-A8EE-98D1AF4BCC8B} = {A2CF8A2E-4E6B-432E-B038-F7B6D3E5F27A}
		{E5328D4A-A997-4B70-A09D-0E04B960D3EA} = {1A09CFD3-E2C1-4237-ABF1-3CA5F6B661B5}
		{0018A53D-25C6-4E03-91DF-3C71B8DFB1B1} = {221612ED-05D0-45F7-83C5-B7EF133BEB4F}
	EndGlobalSection
	GlobalSection(ExtensibilityGlobals) = postSolution
		SolutionGuid = {82B57FBC-FF1F-46AD-95F7-3A9884D0D19D}
	EndGlobalSection
EndGlobal
